
Microsoft Visual Studio Solution File, Format Version 12.00
# Visual Studio Version 16
VisualStudioVersion = 16.0.30611.23
MinimumVisualStudioVersion = 10.0.40219.1
Project("{8BC9CEB8-8B4A-11D0-8D11-00A0C91BC942}") = "Assignment_02", "Assignment_02.vcxproj", "{27ECA1A3-2E82-48F4-924B-AD31409AF381}"
EndProject
Global
	GlobalSection(SolutionConfigurationPlatforms) = preSolution
		Debug|x64 = Debug|x64
		Debug|x86 = Debug|x86
		Release|x64 = Release|x64
		Release|x86 = Release|x86
	EndGlobalSection
	GlobalSection(ProjectConfigurationPlatforms) = postSolution
		{27ECA1A3-2E82-48F4-924B-AD31409AF381}.Debug|x64.ActiveCfg = Debug|x64
		{27ECA1A3-2E82-48F4-924B-AD31409AF381}.Debug|x64.Build.0 = Debug|x64
		{27ECA1A3-2E82-48F4-924B-AD31409AF381}.Debug|x86.ActiveCfg = Debug|Win32
		{27ECA1A3-2E82-48F4-924B-AD31409AF381}.Debug|x86.Build.0 = Debug|Win32
		{27ECA1A3-2E82-48F4-924B-AD31409AF381}.Release|x64.ActiveCfg = Release|x64
		{27ECA1A3-2E82-48F4-924B-AD31409AF381}.Release|x64.Build.0 = Release|x64
		{27ECA1A3-2E82-48F4-924B-AD31409AF381}.Release|x86.ActiveCfg = Release|Win32
		{27ECA1A3-2E82-48F4-924B-AD31409AF381}.Release|x86.Build.0 = Release|Win32
	EndGlobalSection
	GlobalSection(SolutionProperties) = preSolution
		HideSolutionNode = FALSE
	EndGlobalSection
	GlobalSection(ExtensibilityGlobals) = postSolution
		SolutionGuid = {4EFA5D69-CFC1-4531-8DF3-C50840F4810D}
	EndGlobalSection
EndGlobal
